
Microsoft Visual Studio Solution File, Format Version 12.00
# Visual Studio Version 17
VisualStudioVersion = 17.0.32112.339
MinimumVisualStudioVersion = 10.0.40219.1
Project("{FAE04EC0-301F-11D3-BF4B-00C04F79EFBC}") = "Classes-Interfaces", "Classes-Interfaces\Classes-Interfaces.csproj", "{FABFC305-6D8C-43E9-90C4-B630264CA8EE}"
EndProject
Global
	GlobalSection(SolutionConfigurationPlatforms) = preSolution
		Debug|Any CPU = Debug|Any CPU
		Release|Any CPU = Release|Any CPU
	EndGlobalSection
	GlobalSection(ProjectConfigurationPlatforms) = postSolution
		{FABFC305-6D8C-43E9-90C4-B630264CA8EE}.Debug|Any CPU.ActiveCfg = Debug|Any CPU
		{FABFC305-6D8C-43E9-90C4-B630264CA8EE}.Debug|Any CPU.Build.0 = Debug|Any CPU
		{FABFC305-6D8C-43E9-90C4-B630264CA8EE}.Release|Any CPU.ActiveCfg = Release|Any CPU
		{FABFC305-6D8C-43E9-90C4-B630264CA8EE}.Release|Any CPU.Build.0 = Release|Any CPU
	EndGlobalSection
	GlobalSection(SolutionProperties) = preSolution
		HideSolutionNode = FALSE
	EndGlobalSection
	GlobalSection(ExtensibilityGlobals) = postSolution
		SolutionGuid = {63EC7C3D-654D-41E7-9D2B-F55E6E244FB4}
	EndGlobalSection
EndGlobal
